
Microsoft Visual Studio Solution File, Format Version 11.00
# Visual Studio 2010
Project("{FAE04EC0-301F-11D3-BF4B-00C04F79EFBC}") = "LisPong", "Assembly-CSharp.csproj", "{B087767E-D8ED-3602-33DB-6BACD4A9743A}"
EndProject
Global
	GlobalSection(SolutionConfigurationPlatforms) = preSolution
		Debug|Any CPU = Debug|Any CPU
		Release|Any CPU = Release|Any CPU
	EndGlobalSection
	GlobalSection(ProjectConfigurationPlatforms) = postSolution
		{B087767E-D8ED-3602-33DB-6BACD4A9743A}.Debug|Any CPU.ActiveCfg = Debug|Any CPU
		{B087767E-D8ED-3602-33DB-6BACD4A9743A}.Debug|Any CPU.Build.0 = Debug|Any CPU
		{B087767E-D8ED-3602-33DB-6BACD4A9743A}.Release|Any CPU.ActiveCfg = Release|Any CPU
		{B087767E-D8ED-3602-33DB-6BACD4A9743A}.Release|Any CPU.Build.0 = Release|Any CPU
	EndGlobalSection
	GlobalSection(SolutionProperties) = preSolution
		HideSolutionNode = FALSE
	EndGlobalSection
	GlobalSection(MonoDevelopProperties) = preSolution
		StartupItem = Assembly-CSharp.csproj
	EndGlobalSection
EndGlobal
